
Microsoft Visual Studio Solution File, Format Version 12.00
# Visual Studio Version 16
VisualStudioVersion = 16.0.31702.278
MinimumVisualStudioVersion = 10.0.40219.1
Project("{FAE04EC0-301F-11D3-BF4B-00C04F79EFBC}") = "MyBlazorApp", "MyBlazorApp\MyBlazorApp.csproj", "{16EEECE3-1FA2-41D5-ABC4-7E4001791E7A}"
EndProject
Project("{FAE04EC0-301F-11D3-BF4B-00C04F79EFBC}") = "RazorClassLibrary", "RazorClassLibrary\RazorClassLibrary.csproj", "{859BE5C4-EF1B-469B-85C3-EB96417296B4}"
EndProject
Global
	GlobalSection(SolutionConfigurationPlatforms) = preSolution
		Debug|Any CPU = Debug|Any CPU
		Release|Any CPU = Release|Any CPU
	EndGlobalSection
	GlobalSection(ProjectConfigurationPlatforms) = postSolution
		{16EEECE3-1FA2-41D5-ABC4-7E4001791E7A}.Debug|Any CPU.ActiveCfg = Debug|Any CPU
		{16EEECE3-1FA2-41D5-ABC4-7E4001791E7A}.Debug|Any CPU.Build.0 = Debug|Any CPU
		{16EEECE3-1FA2-41D5-ABC4-7E4001791E7A}.Release|Any CPU.ActiveCfg = Release|Any CPU
		{16EEECE3-1FA2-41D5-ABC4-7E4001791E7A}.Release|Any CPU.Build.0 = Release|Any CPU
		{859BE5C4-EF1B-469B-85C3-EB96417296B4}.Debug|Any CPU.ActiveCfg = Debug|Any CPU
		{859BE5C4-EF1B-469B-85C3-EB96417296B4}.Debug|Any CPU.Build.0 = Debug|Any CPU
		{859BE5C4-EF1B-469B-85C3-EB96417296B4}.Release|Any CPU.ActiveCfg = Release|Any CPU
		{859BE5C4-EF1B-469B-85C3-EB96417296B4}.Release|Any CPU.Build.0 = Release|Any CPU
	EndGlobalSection
	GlobalSection(SolutionProperties) = preSolution
		HideSolutionNode = FALSE
	EndGlobalSection
	GlobalSection(ExtensibilityGlobals) = postSolution
		SolutionGuid = {2ACA907E-C69C-45B9-8C13-C2EB2B06B3D4}
	EndGlobalSection
EndGlobal
